
Microsoft Visual Studio Solution File, Format Version 12.00
# Visual Studio Version 16
VisualStudioVersion = 16.0.29709.97
MinimumVisualStudioVersion = 10.0.40219.1
Project("{9A19103F-16F7-4668-BE54-9A1E7A4F7556}") = "VDevCon2020.ObjectSharp.FunctionApp", "VDevCon2020.ObjectSharp.FunctionApp\VDevCon2020.ObjectSharp.FunctionApp.csproj", "{AD292C66-A927-4E53-AF7A-D5AFEEB04340}"
EndProject
Project("{2150E333-8FDC-42A3-9474-1A3956D46DE8}") = ".git", ".git", "{8E71F766-7C59-4F72-9DF1-1058924333E3}"
	ProjectSection(SolutionItems) = preProject
		..\.gitignore = ..\.gitignore
		..\readme.md = ..\readme.md
	EndProjectSection
EndProject
Project("{2150E333-8FDC-42A3-9474-1A3956D46DE8}") = "src", "src", "{2B51AE45-B81F-4850-808F-0E7BC1870731}"
EndProject
Global
	GlobalSection(SolutionConfigurationPlatforms) = preSolution
		Debug|Any CPU = Debug|Any CPU
		Release|Any CPU = Release|Any CPU
	EndGlobalSection
	GlobalSection(ProjectConfigurationPlatforms) = postSolution
		{AD292C66-A927-4E53-AF7A-D5AFEEB04340}.Debug|Any CPU.ActiveCfg = Debug|Any CPU
		{AD292C66-A927-4E53-AF7A-D5AFEEB04340}.Debug|Any CPU.Build.0 = Debug|Any CPU
		{AD292C66-A927-4E53-AF7A-D5AFEEB04340}.Release|Any CPU.ActiveCfg = Release|Any CPU
		{AD292C66-A927-4E53-AF7A-D5AFEEB04340}.Release|Any CPU.Build.0 = Release|Any CPU
	EndGlobalSection
	GlobalSection(SolutionProperties) = preSolution
		HideSolutionNode = FALSE
	EndGlobalSection
	GlobalSection(NestedProjects) = preSolution
		{AD292C66-A927-4E53-AF7A-D5AFEEB04340} = {2B51AE45-B81F-4850-808F-0E7BC1870731}
	EndGlobalSection
	GlobalSection(ExtensibilityGlobals) = postSolution
		SolutionGuid = {FECF9C66-6F63-41B6-B8B6-F78C54A703E9}
	EndGlobalSection
EndGlobal
